
Microsoft Visual Studio Solution File, Format Version 12.00
# Visual Studio Version 16
VisualStudioVersion = 16.0.30406.217
MinimumVisualStudioVersion = 10.0.40219.1
Project("{FAE04EC0-301F-11D3-BF4B-00C04F79EFBC}") = "Echec", "Echec.csproj", "{52DC5632-BEF1-4D98-93E1-3AFD89E283F7}"
EndProject
Global
	GlobalSection(SolutionConfigurationPlatforms) = preSolution
		Debug|Any CPU = Debug|Any CPU
		Release|Any CPU = Release|Any CPU
	EndGlobalSection
	GlobalSection(ProjectConfigurationPlatforms) = postSolution
		{52DC5632-BEF1-4D98-93E1-3AFD89E283F7}.Debug|Any CPU.ActiveCfg = Debug|Any CPU
		{52DC5632-BEF1-4D98-93E1-3AFD89E283F7}.Debug|Any CPU.Build.0 = Debug|Any CPU
		{52DC5632-BEF1-4D98-93E1-3AFD89E283F7}.Release|Any CPU.ActiveCfg = Release|Any CPU
		{52DC5632-BEF1-4D98-93E1-3AFD89E283F7}.Release|Any CPU.Build.0 = Release|Any CPU
	EndGlobalSection
	GlobalSection(SolutionProperties) = preSolution
		HideSolutionNode = FALSE
	EndGlobalSection
	GlobalSection(ExtensibilityGlobals) = postSolution
		SolutionGuid = {BF099098-0E3E-41A3-85FF-220A73D5860C}
	EndGlobalSection
EndGlobal
